// !$*UTF8*$!
{
	archiveVersion = 1;
	classes = {
	};
	objectVersion = 48;
	objects = {

/* Begin PBXBuildFile section */
		41E6743F1FBF6C3D00410281 /* AppDelegate.swift in Sources */ = {isa = PBXBuildFile; fileRef = 41E6743E1FBF6C3D00410281 /* AppDelegate.swift */; };
		41E674411FBF6C3D00410281 /* ViewController.swift in Sources */ = {isa = PBXBuildFile; fileRef = 41E674401FBF6C3D00410281 /* ViewController.swift */; };
		41E674441FBF6C3D00410281 /* Main.storyboard in Resources */ = {isa = PBXBuildFile; fileRef = 41E674421FBF6C3D00410281 /* Main.storyboard */; };
		41E674461FBF6C3D00410281 /* Assets.xcassets in Resources */ = {isa = PBXBuildFile; fileRef = 41E674451FBF6C3D00410281 /* Assets.xcassets */; };
		41E674491FBF6C3D00410281 /* LaunchScreen.storyboard in Resources */ = {isa = PBXBuildFile; fileRef = 41E674471FBF6C3D00410281 /* LaunchScreen.storyboard */; };
		41E674541FBF6C3D00410281 /* TestTests.swift in Sources */ = {isa = PBXBuildFile; fileRef = 41E674531FBF6C3D00410281 /* TestTests.swift */; };
		41E6745F1FBF6C3D00410281 /* TestUITests.swift in Sources */ = {isa = PBXBuildFile; fileRef = 41E6745E1FBF6C3D00410281 /* TestUITests.swift */; };
/* End PBXBuildFile section */

/* Begin PBXContainerItemProxy section */
		41E674501FBF6C3D00410281 /* PBXContainerItemProxy */ = {
			isa = PBXContainerItemProxy;
			containerPortal = 41E674331FBF6C3D00410281 /* Project object */;
			proxyType = 1;
			remoteGlobalIDString = 41E6743A1FBF6C3D00410281;
			remoteInfo = Test;
		};
		41E6745B1FBF6C3D00410281 /* PBXContainerItemProxy */ = {
			isa = PBXContainerItemProxy;
			containerPortal = 41E674331FBF6C3D00410281 /* Project object */;
			proxyType = 1;
			remoteGlobalIDString = 41E6743A1FBF6C3D00410281;
			remoteInfo = Test;
		};
/* End PBXContainerItemProxy section */

/* Begin PBXFileReference section */
		41E6743B1FBF6C3D00410281 /* Test.app */ = {isa = PBXFileReference; explicitFileType = wrapper.application; includeInIndex = 0; path = Test.app; sourceTree = BUILT_PRODUCTS_DIR; };
		41E6743E1FBF6C3D00410281 /* AppDelegate.swift */ = {isa = PBXFileReference; lastKnownFileType = sourcecode.swift; path = AppDelegate.swift; sourceTree = "<group>"; };
		41E674401FBF6C3D00410281 /* ViewController.swift */ = {isa = PBXFileReference; lastKnownFileType = sourcecode.swift; path = ViewController.swift; sourceTree = "<group>"; };
		41E674431FBF6C3D00410281 /* Base */ = {isa = PBXFileReference; lastKnownFileType = file.storyboard; name = Base; path = Base.lproj/Main.storyboard; sourceTree = "<group>"; };
		41E674451FBF6C3D00410281 /* Assets.xcassets */ = {isa = PBXFileReference; lastKnownFileType = folder.assetcatalog; path = Assets.xcassets; sourceTree = "<group>"; };
		41E674481FBF6C3D00410281 /* Base */ = {isa = PBXFileReference; lastKnownFileType = file.storyboard; name = Base; path = Base.lproj/LaunchScreen.storyboard; sourceTree = "<group>"; };
		41E6744A1FBF6C3D00410281 /* Info.plist */ = {isa = PBXFileReference; lastKnownFileType = text.plist.xml; path = Info.plist; sourceTree = "<group>"; };
		41E6744F1FBF6C3D00410281 /* TestTests.xctest */ = {isa = PBXFileReference; explicitFileType = wrapper.cfbundle; includeInIndex = 0; path = TestTests.xctest; sourceTree = BUILT_PRODUCTS_DIR; };
		41E674531FBF6C3D00410281 /* TestTests.swift */ = {isa = PBXFileReference; lastKnownFileType = sourcecode.swift; path = TestTests.swift; sourceTree = "<group>"; };
		41E674551FBF6C3D00410281 /* Info.plist */ = {isa = PBXFileReference; lastKnownFileType = text.plist.xml; path = Info.plist; sourceTree = "<group>"; };
		41E6745A1FBF6C3D00410281 /* TestUITests.xctest */ = {isa = PBXFileReference; explicitFileType = wrapper.cfbundle; includeInIndex = 0; path = TestUITests.xctest; sourceTree = BUILT_PRODUCTS_DIR; };
		41E6745E1FBF6C3D00410281 /* TestUITests.swift */ = {isa = PBXFileReference; lastKnownFileType = sourcecode.swift; path = TestUITests.swift; sourceTree = "<group>"; };
		41E674601FBF6C3D00410281 /* Info.plist */ = {isa = PBXFileReference; lastKnownFileType = text.plist.xml; path = Info.plist; sourceTree = "<group>"; };
/* End PBXFileReference section */

/* Begin PBXFrameworksBuildPhase section */
		41E674381FBF6C3D00410281 /* Frameworks */ = {
			isa = PBXFrameworksBuildPhase;
			buildActionMask = 2147483647;
			files = (
			);
			runOnlyForDeploymentPostprocessing = 0;
		};
		41E6744C1FBF6C3D00410281 /* Frameworks */ = {
			isa = PBXFrameworksBuildPhase;
			buildActionMask = 2147483647;
			files = (
			);
			runOnlyForDeploymentPostprocessing = 0;
		};
		41E674571FBF6C3D00410281 /* Frameworks */ = {
			isa = PBXFrameworksBuildPhase;
			buildActionMask = 2147483647;
			files = (
			);
			runOnlyForDeploymentPostprocessing = 0;
		};
/* End PBXFrameworksBuildPhase section */

/* Begin PBXGroup section */
		41E674321FBF6C3D00410281 = {
			isa = PBXGroup;
			children = (
				41E6743D1FBF6C3D00410281 /* Test */,
				41E674521FBF6C3D00410281 /* TestTests */,
				41E6745D1FBF6C3D00410281 /* TestUITests */,
				41E6743C1FBF6C3D00410281 /* Products */,
			);
			sourceTree = "<group>";
		};
		41E6743C1FBF6C3D00410281 /* Products */ = {
			isa = PBXGroup;
			children = (
				41E6743B1FBF6C3D00410281 /* Test.app */,
				41E6744F1FBF6C3D00410281 /* TestTests.xctest */,
				41E6745A1FBF6C3D00410281 /* TestUITests.xctest */,
			);
			name = Products;
			sourceTree = "<group>";
		};
		41E6743D1FBF6C3D00410281 /* Test */ = {
			isa = PBXGroup;
			children = (
				41E6743E1FBF6C3D00410281 /* AppDelegate.swift */,
				41E674401FBF6C3D00410281 /* ViewController.swift */,
				41E674421FBF6C3D00410281 /* Main.storyboard */,
				41E674451FBF6C3D00410281 /* Assets.xcassets */,
				41E674471FBF6C3D00410281 /* LaunchScreen.storyboard */,
				41E6744A1FBF6C3D00410281 /* Info.plist */,
			);
			path = Test;
			sourceTree = "<group>";
		};
		41E674521FBF6C3D00410281 /* TestTests */ = {
			isa = PBXGroup;
			children = (
				41E674531FBF6C3D00410281 /* TestTests.swift */,
				41E674551FBF6C3D00410281 /* Info.plist */,
			);
			path = TestTests;
			sourceTree = "<group>";
		};
		41E6745D1FBF6C3D00410281 /* TestUITests */ = {
			isa = PBXGroup;
			children = (
				41E6745E1FBF6C3D00410281 /* TestUITests.swift */,
				41E674601FBF6C3D00410281 /* Info.plist */,
			);
			path = TestUITests;
			sourceTree = "<group>";
		};
/* End PBXGroup section */

/* Begin PBXNativeTarget section */
		41E6743A1FBF6C3D00410281 /* Test */ = {
			isa = PBXNativeTarget;
			buildConfigurationList = 41E674631FBF6C3D00410281 /* Build configuration list for PBXNativeTarget "Test" */;
			buildPhases = (
				41E674371FBF6C3D00410281 /* Sources */,
				41E674381FBF6C3D00410281 /* Frameworks */,
				41E674391FBF6C3D00410281 /* Resources */,
			);
			buildRules = (
			);
			dependencies = (
			);
			name = Test;
			productName = Test;
			productReference = 41E6743B1FBF6C3D00410281 /* Test.app */;
			productType = "com.apple.product-type.application";
		};
		41E6744E1FBF6C3D00410281 /* TestTests */ = {
			isa = PBXNativeTarget;
			buildConfigurationList = 41E674661FBF6C3D00410281 /* Build configuration list for PBXNativeTarget "TestTests" */;
			buildPhases = (
				41E6744B1FBF6C3D00410281 /* Sources */,
				41E6744C1FBF6C3D00410281 /* Frameworks */,
				41E6744D1FBF6C3D00410281 /* Resources */,
			);
			buildRules = (
			);
			dependencies = (
				41E674511FBF6C3D00410281 /* PBXTargetDependency */,
			);
			name = TestTests;
			productName = TestTests;
			productReference = 41E6744F1FBF6C3D00410281 /* TestTests.xctest */;
			productType = "com.apple.product-type.bundle.unit-test";
		};
		41E674591FBF6C3D00410281 /* TestUITests */ = {
			isa = PBXNativeTarget;
			buildConfigurationList = 41E674691FBF6C3D00410281 /* Build configuration list for PBXNativeTarget "TestUITests" */;
			buildPhases = (
				41E674561FBF6C3D00410281 /* Sources */,
				41E674571FBF6C3D00410281 /* Frameworks */,
				41E674581FBF6C3D00410281 /* Resources */,
			);
			buildRules = (
			);
			dependencies = (
				41E6745C1FBF6C3D00410281 /* PBXTargetDependency */,
			);
			name = TestUITests;
			productName = TestUITests;
			productReference = 41E6745A1FBF6C3D00410281 /* TestUITests.xctest */;
			productType = "com.apple.product-type.bundle.ui-testing";
		};
/* End PBXNativeTarget section */

/* Begin PBXProject section */
		41E674331FBF6C3D00410281 /* Project object */ = {
			isa = PBXProject;
			attributes = {
				LastSwiftUpdateCheck = 0900;
				LastUpgradeCheck = 0900;
				ORGANIZATIONNAME = "Arash K.";
				TargetAttributes = {
					41E6743A1FBF6C3D00410281 = {
						CreatedOnToolsVersion = 9.0;
						ProvisioningStyle = Automatic;
					};
					41E6744E1FBF6C3D00410281 = {
						CreatedOnToolsVersion = 9.0;
						ProvisioningStyle = Automatic;
						TestTargetID = 41E6743A1FBF6C3D00410281;
					};
					41E674591FBF6C3D00410281 = {
						CreatedOnToolsVersion = 9.0;
						ProvisioningStyle = Automatic;
						TestTargetID = 41E6743A1FBF6C3D00410281;
					};
				};
			};
			buildConfigurationList = 41E674361FBF6C3D00410281 /* Build configuration list for PBXProject "Test" */;
			compatibilityVersion = "Xcode 8.0";
			developmentRegion = en;
			hasScannedForEncodings = 0;
			knownRegions = (
				en,
				Base,
			);
			mainGroup = 41E674321FBF6C3D00410281;
			productRefGroup = 41E6743C1FBF6C3D00410281 /* Products */;
			projectDirPath = "";
			projectRoot = "";
			targets = (
				41E6743A1FBF6C3D00410281 /* Test */,
				41E6744E1FBF6C3D00410281 /* TestTests */,
				41E674591FBF6C3D00410281 /* TestUITests */,
			);
		};
/* End PBXProject section */

/* Begin PBXResourcesBuildPhase section */
		41E674391FBF6C3D00410281 /* Resources */ = {
			isa = PBXResourcesBuildPhase;
			buildActionMask = 2147483647;
			files = (
				41E674491FBF6C3D00410281 /* LaunchScreen.storyboard in Resources */,
				41E674461FBF6C3D00410281 /* Assets.xcassets in Resources */,
				41E674441FBF6C3D00410281 /* Main.storyboard in Resources */,
			);
			runOnlyForDeploymentPostprocessing = 0;
		};
		41E6744D1FBF6C3D00410281 /* Resources */ = {
			isa = PBXResourcesBuildPhase;
			buildActionMask = 2147483647;
			files = (
			);
			runOnlyForDeploymentPostprocessing = 0;
		};
		41E674581FBF6C3D00410281 /* Resources */ = {
			isa = PBXResourcesBuildPhase;
			buildActionMask = 2147483647;
			files = (
			);
			runOnlyForDeploymentPostprocessing = 0;
		};
/* End PBXResourcesBuildPhase section */

/* Begin PBXSourcesBuildPhase section */
		41E674371FBF6C3D00410281 /* Sources */ = {
			isa = PBXSourcesBuildPhase;
			buildActionMask = 2147483647;
			files = (
				41E674411FBF6C3D00410281 /* ViewController.swift in Sources */,
				41E6743F1FBF6C3D00410281 /* AppDelegate.swift in Sources */,
			);
			runOnlyForDeploymentPostprocessing = 0;
		};
		41E6744B1FBF6C3D00410281 /* Sources */ = {
			isa = PBXSourcesBuildPhase;
			buildActionMask = 2147483647;
			files = (
				41E674541FBF6C3D00410281 /* TestTests.swift in Sources */,
			);
			runOnlyForDeploymentPostprocessing = 0;
		};
		41E674561FBF6C3D00410281 /* Sources */ = {
			isa = PBXSourcesBuildPhase;
			buildActionMask = 2147483647;
			files = (
				41E6745F1FBF6C3D00410281 /* TestUITests.swift in Sources */,
			);
			runOnlyForDeploymentPostprocessing = 0;
		};
/* End PBXSourcesBuildPhase section */

/* Begin PBXTargetDependency section */
		41E674511FBF6C3D00410281 /* PBXTargetDependency */ = {
			isa = PBXTargetDependency;
			target = 41E6743A1FBF6C3D00410281 /* Test */;
			targetProxy = 41E674501FBF6C3D00410281 /* PBXContainerItemProxy */;
		};
		41E6745C1FBF6C3D00410281 /* PBXTargetDependency */ = {
			isa = PBXTargetDependency;
			target = 41E6743A1FBF6C3D00410281 /* Test */;
			targetProxy = 41E6745B1FBF6C3D00410281 /* PBXContainerItemProxy */;
		};
/* End PBXTargetDependency section */

/* Begin PBXVariantGroup section */
		41E674421FBF6C3D00410281 /* Main.storyboard */ = {
			isa = PBXVariantGroup;
			children = (
				41E674431FBF6C3D00410281 /* Base */,
			);
			name = Main.storyboard;
			sourceTree = "<group>";
		};
		41E674471FBF6C3D00410281 /* LaunchScreen.storyboard */ = {
			isa = PBXVariantGroup;
			children = (
				41E674481FBF6C3D00410281 /* Base */,
			);
			name = LaunchScreen.storyboard;
			sourceTree = "<group>";
		};
/* End PBXVariantGroup section */

/* Begin XCBuildConfiguration section */
		41E674611FBF6C3D00410281 /* Debug */ = {
			isa = XCBuildConfiguration;
			buildSettings = {
				ALWAYS_SEARCH_USER_PATHS = NO;
				CLANG_ANALYZER_NONNULL = YES;
				CLANG_ANALYZER_NUMBER_OBJECT_CONVERSION = YES_AGGRESSIVE;
				CLANG_CXX_LANGUAGE_STANDARD = "gnu++14";
				CLANG_CXX_LIBRARY = "libc++";
				CLANG_ENABLE_MODULES = YES;
				CLANG_ENABLE_OBJC_ARC = YES;
				CLANG_WARN_BLOCK_CAPTURE_AUTORELEASING = YES;
				CLANG_WARN_BOOL_CONVERSION = YES;
				CLANG_WARN_COMMA = YES;
				CLANG_WARN_CONSTANT_CONVERSION = YES;
				CLANG_WARN_DIRECT_OBJC_ISA_USAGE = YES_ERROR;
				CLANG_WARN_DOCUMENTATION_COMMENTS = YES;
				CLANG_WARN_EMPTY_BODY = YES;
				CLANG_WARN_ENUM_CONVERSION = YES;
				CLANG_WARN_INFINITE_RECURSION = YES;
				CLANG_WARN_INT_CONVERSION = YES;
				CLANG_WARN_NON_LITERAL_NULL_CONVERSION = YES;
				CLANG_WARN_OBJC_LITERAL_CONVERSION = YES;
				CLANG_WARN_OBJC_ROOT_CLASS = YES_ERROR;
				CLANG_WARN_RANGE_LOOP_ANALYSIS = YES;
				CLANG_WARN_STRICT_PROTOTYPES = YES;
				CLANG_WARN_SUSPICIOUS_MOVE = YES;
				CLANG_WARN_UNGUARDED_AVAILABILITY = YES_AGGRESSIVE;
				CLANG_WARN_UNREACHABLE_CODE = YES;
				CLANG_WARN__DUPLICATE_METHOD_MATCH = YES;
				CODE_SIGN_IDENTITY = "iPhone Developer";
				COPY_PHASE_STRIP = NO;
				DEBUG_INFORMATION_FORMAT = dwarf;
				ENABLE_STRICT_OBJC_MSGSEND = YES;
				ENABLE_TESTABILITY = YES;
				GCC_C_LANGUAGE_STANDARD = gnu11;
				GCC_DYNAMIC_NO_PIC = NO;
				GCC_NO_COMMON_BLOCKS = YES;
				GCC_OPTIMIZATION_LEVEL = 0;
				GCC_PREPROCESSOR_DEFINITIONS = (
					"DEBUG=1",
					"$(inherited)",
				);
				GCC_WARN_64_TO_32_BIT_CONVERSION = YES;
				GCC_WARN_ABOUT_RETURN_TYPE = YES_ERROR;
				GCC_WARN_UNDECLARED_SELECTOR = YES;
				GCC_WARN_UNINITIALIZED_AUTOS = YES_AGGRESSIVE;
				GCC_WARN_UNUSED_FUNCTION = YES;
				GCC_WARN_UNUSED_VARIABLE = YES;
				IPHONEOS_DEPLOYMENT_TARGET = 11.0;
				MTL_ENABLE_DEBUG_INFO = YES;
				ONLY_ACTIVE_ARCH = YES;
				SDKROOT = iphoneos;
				SWIFT_ACTIVE_COMPILATION_CONDITIONS = DEBUG;
				SWIFT_OPTIMIZATION_LEVEL = "-Onone";
			};
			name = Debug;
		};
		41E674621FBF6C3D00410281 /* Release */ = {
			isa = XCBuildConfiguration;
			buildSettings = {
				ALWAYS_SEARCH_USER_PATHS = NO;
				CLANG_ANALYZER_NONNULL = YES;
				CLANG_ANALYZER_NUMBER_OBJECT_CONVERSION = YES_AGGRESSIVE;
				CLANG_CXX_LANGUAGE_STANDARD = "gnu++14";
				CLANG_CXX_LIBRARY = "libc++";
				CLANG_ENABLE_MODULES = YES;
				CLANG_ENABLE_OBJC_ARC = YES;
				CLANG_WARN_BLOCK_CAPTURE_AUTORELEASING = YES;
				CLANG_WARN_BOOL_CONVERSION = YES;
				CLANG_WARN_COMMA = YES;
				CLANG_WARN_CONSTANT_CONVERSION = YES;
				CLANG_WARN_DIRECT_OBJC_ISA_USAGE = YES_ERROR;
				CLANG_WARN_DOCUMENTATION_COMMENTS = YES;
				CLANG_WARN_EMPTY_BODY = YES;
				CLANG_WARN_ENUM_CONVERSION = YES;
				CLANG_WARN_INFINITE_RECURSION = YES;
				CLANG_WARN_INT_CONVERSION = YES;
				CLANG_WARN_NON_LITERAL_NULL_CONVERSION = YES;
				CLANG_WARN_OBJC_LITERAL_CONVERSION = YES;
				CLANG_WARN_OBJC_ROOT_CLASS = YES_ERROR;
				CLANG_WARN_RANGE_LOOP_ANALYSIS = YES;
				CLANG_WARN_STRICT_PROTOTYPES = YES;
				CLANG_WARN_SUSPICIOUS_MOVE = YES;
				CLANG_WARN_UNGUARDED_AVAILABILITY = YES_AGGRESSIVE;
				CLANG_WARN_UNREACHABLE_CODE = YES;
				CLANG_WARN__DUPLICATE_METHOD_MATCH = YES;
				CODE_SIGN_IDENTITY = "iPhone Developer";
				COPY_PHASE_STRIP = NO;
				DEBUG_INFORMATION_FORMAT = "dwarf-with-dsym";
				ENABLE_NS_ASSERTIONS = NO;
				ENABLE_STRICT_OBJC_MSGSEND = YES;
				GCC_C_LANGUAGE_STANDARD = gnu11;
				GCC_NO_COMMON_BLOCKS = YES;
				GCC_WARN_64_TO_32_BIT_CONVERSION = YES;
				GCC_WARN_ABOUT_RETURN_TYPE = YES_ERROR;
				GCC_WARN_UNDECLARED_SELECTOR = YES;
				GCC_WARN_UNINITIALIZED_AUTOS = YES_AGGRESSIVE;
				GCC_WARN_UNUSED_FUNCTION = YES;
				GCC_WARN_UNUSED_VARIABLE = YES;
				IPHONEOS_DEPLOYMENT_TARGET = 11.0;
				MTL_ENABLE_DEBUG_INFO = NO;
				SDKROOT = iphoneos;
				SWIFT_OPTIMIZATION_LEVEL = "-Owholemodule";
				VALIDATE_PRODUCT = YES;
			};
			name = Release;
		};
		41E674641FBF6C3D00410281 /* Debug */ = {
			isa = XCBuildConfiguration;
			buildSettings = {
				ASSETCATALOG_COMPILER_APPICON_NAME = AppIcon;
				CODE_SIGN_STYLE = Automatic;
				DEVELOPMENT_TEAM = Z46627LUPQ;
				INFOPLIST_FILE = Test/Info.plist;
				LD_RUNPATH_SEARCH_PATHS = "$(inherited) @executable_path/Frameworks";
				PRODUCT_BUNDLE_IDENTIFIER = com.paradiso.ventures.Test;
				PRODUCT_NAME = "$(TARGET_NAME)";
				SWIFT_VERSION = 4.0;
				TARGETED_DEVICE_FAMILY = "1,2";
			};
			name = Debug;
		};
		41E674651FBF6C3D00410281 /* Release */ = {
			isa = XCBuildConfiguration;
			buildSettings = {
				ASSETCATALOG_COMPILER_APPICON_NAME = AppIcon;
				CODE_SIGN_STYLE = Automatic;
				DEVELOPMENT_TEAM = Z46627LUPQ;
				INFOPLIST_FILE = Test/Info.plist;
				LD_RUNPATH_SEARCH_PATHS = "$(inherited) @executable_path/Frameworks";
				PRODUCT_BUNDLE_IDENTIFIER = com.paradiso.ventures.Test;
				PRODUCT_NAME = "$(TARGET_NAME)";
				SWIFT_VERSION = 4.0;
				TARGETED_DEVICE_FAMILY = "1,2";
			};
			name = Release;
		};
		41E674671FBF6C3D00410281 /* Debug */ = {
			isa = XCBuildConfiguration;
			buildSettings = {
				ALWAYS_EMBED_SWIFT_STANDARD_LIBRARIES = YES;
				BUNDLE_LOADER = "$(TEST_HOST)";
				CODE_SIGN_STYLE = Automatic;
				DEVELOPMENT_TEAM = Z46627LUPQ;
				INFOPLIST_FILE = TestTests/Info.plist;
				LD_RUNPATH_SEARCH_PATHS = "$(inherited) @executable_path/Frameworks @loader_path/Frameworks";
				PRODUCT_BUNDLE_IDENTIFIER = com.paradiso.ventures.TestTests;
				PRODUCT_NAME = "$(TARGET_NAME)";
				SWIFT_VERSION = 4.0;
				TARGETED_DEVICE_FAMILY = "1,2";
				TEST_HOST = "$(BUILT_PRODUCTS_DIR)/Test.app/Test";
			};
			name = Debug;
		};
		41E674681FBF6C3D00410281 /* Release */ = {
			isa = XCBuildConfiguration;
			buildSettings = {
				ALWAYS_EMBED_SWIFT_STANDARD_LIBRARIES = YES;
				BUNDLE_LOADER = "$(TEST_HOST)";
				CODE_SIGN_STYLE = Automatic;
				DEVELOPMENT_TEAM = Z46627LUPQ;
				INFOPLIST_FILE = TestTests/Info.plist;
				LD_RUNPATH_SEARCH_PATHS = "$(inherited) @executable_path/Frameworks @loader_path/Frameworks";
				PRODUCT_BUNDLE_IDENTIFIER = com.paradiso.ventures.TestTests;
				PRODUCT_NAME = "$(TARGET_NAME)";
				SWIFT_VERSION = 4.0;
				TARGETED_DEVICE_FAMILY = "1,2";
				TEST_HOST = "$(BUILT_PRODUCTS_DIR)/Test.app/Test";
			};
			name = Release;
		};
		41E6746A1FBF6C3D00410281 /* Debug */ = {
			isa = XCBuildConfiguration;
			buildSettings = {
				ALWAYS_EMBED_SWIFT_STANDARD_LIBRARIES = YES;
				CODE_SIGN_STYLE = Automatic;
				DEVELOPMENT_TEAM = Z46627LUPQ;
				INFOPLIST_FILE = TestUITests/Info.plist;
				LD_RUNPATH_SEARCH_PATHS = "$(inherited) @executable_path/Frameworks @loader_path/Frameworks";
				PRODUCT_BUNDLE_IDENTIFIER = com.paradiso.ventures.TestUITests;
				PRODUCT_NAME = "$(TARGET_NAME)";
				SWIFT_VERSION = 4.0;
				TARGETED_DEVICE_FAMILY = "1,2";
				TEST_TARGET_NAME = Test;
			};
			name = Debug;
		};
		41E6746B1FBF6C3D00410281 /* Release */ = {
			isa = XCBuildConfiguration;
			buildSettings = {
				ALWAYS_EMBED_SWIFT_STANDARD_LIBRARIES = YES;
				CODE_SIGN_STYLE = Automatic;
				DEVELOPMENT_TEAM = Z46627LUPQ;
				INFOPLIST_FILE = TestUITests/Info.plist;
				LD_RUNPATH_SEARCH_PATHS = "$(inherited) @executable_path/Frameworks @loader_path/Frameworks";
				PRODUCT_BUNDLE_IDENTIFIER = com.paradiso.ventures.TestUITests;
				PRODUCT_NAME = "$(TARGET_NAME)";
				SWIFT_VERSION = 4.0;
				TARGETED_DEVICE_FAMILY = "1,2";
				TEST_TARGET_NAME = Test;
			};
			name = Release;
		};
/* End XCBuildConfiguration section */

/* Begin XCConfigurationList section */
		41E674361FBF6C3D00410281 /* Build configuration list for PBXProject "Test" */ = {
			isa = XCConfigurationList;
			buildConfigurations = (
				41E674611FBF6C3D00410281 /* Debug */,
				41E674621FBF6C3D00410281 /* Release */,
			);
			defaultConfigurationIsVisible = 0;
			defaultConfigurationName = Release;
		};
		41E674631FBF6C3D00410281 /* Build configuration list for PBXNativeTarget "Test" */ = {
			isa = XCConfigurationList;
			buildConfigurations = (
				41E674641FBF6C3D00410281 /* Debug */,
				41E674651FBF6C3D00410281 /* Release */,
			);
			defaultConfigurationIsVisible = 0;
			defaultConfigurationName = Release;
		};
		41E674661FBF6C3D00410281 /* Build configuration list for PBXNativeTarget "TestTests" */ = {
			isa = XCConfigurationList;
			buildConfigurations = (
				41E674671FBF6C3D00410281 /* Debug */,
				41E674681FBF6C3D00410281 /* Release */,
			);
			defaultConfigurationIsVisible = 0;
			defaultConfigurationName = Release;
		};
		41E674691FBF6C3D00410281 /* Build configuration list for PBXNativeTarget "TestUITests" */ = {
			isa = XCConfigurationList;
			buildConfigurations = (
				41E6746A1FBF6C3D00410281 /* Debug */,
				41E6746B1FBF6C3D00410281 /* Release */,
			);
			defaultConfigurationIsVisible = 0;
			defaultConfigurationName = Release;
		};
/* End XCConfigurationList section */
	};
	rootObject = 41E674331FBF6C3D00410281 /* Project object */;
}
